// !$*UTF8*$!
{
	archiveVersion = 1;
	classes = {
	};
	objectVersion = 46;
	objects = {

/* Begin PBXBuildFile section */
		7A16436A18938872006FEE95 /* background.png in Resources */ = {isa = PBXBuildFile; fileRef = 7A16436918938872006FEE95 /* background.png */; };
		7A7DB93F1890CDC900EBB851 /* princess.png in Resources */ = {isa = PBXBuildFile; fileRef = 7A7DB93E1890CDC900EBB851 /* princess.png */; };
		7A7DB941189222E800EBB851 /* brush.png in Resources */ = {isa = PBXBuildFile; fileRef = 7A7DB940189222E800EBB851 /* brush.png */; };
		7ACD825E1894A86E00F972F9 /* zombie.png in Resources */ = {isa = PBXBuildFile; fileRef = 7ACD825D1894A86E00F972F9 /* zombie.png */; };
		7ACD82601894D10800F972F9 /* ash.png in Resources */ = {isa = PBXBuildFile; fileRef = 7ACD825F1894D10800F972F9 /* ash.png */; };
		7ADD6B7E187CF07E00D4F868 /* Foundation.framework in Frameworks */ = {isa = PBXBuildFile; fileRef = 7ADD6B7D187CF07E00D4F868 /* Foundation.framework */; };
		7ADD6B80187CF07E00D4F868 /* CoreGraphics.framework in Frameworks */ = {isa = PBXBuildFile; fileRef = 7ADD6B7F187CF07E00D4F868 /* CoreGraphics.framework */; };
		7ADD6B82187CF07E00D4F868 /* UIKit.framework in Frameworks */ = {isa = PBXBuildFile; fileRef = 7ADD6B81187CF07E00D4F868 /* UIKit.framework */; };
		7ADD6B88187CF07E00D4F868 /* InfoPlist.strings in Resources */ = {isa = PBXBuildFile; fileRef = 7ADD6B86187CF07E00D4F868 /* InfoPlist.strings */; };
		7ADD6B8A187CF07E00D4F868 /* main.m in Sources */ = {isa = PBXBuildFile; fileRef = 7ADD6B89187CF07E00D4F868 /* main.m */; };
		7ADD6B8E187CF07E00D4F868 /* JJAppDelegate.m in Sources */ = {isa = PBXBuildFile; fileRef = 7ADD6B8D187CF07E00D4F868 /* JJAppDelegate.m */; };
		7ADD6B91187CF07E00D4F868 /* Main_iPhone.storyboard in Resources */ = {isa = PBXBuildFile; fileRef = 7ADD6B8F187CF07E00D4F868 /* Main_iPhone.storyboard */; };
		7ADD6B94187CF07E00D4F868 /* Main_iPad.storyboard in Resources */ = {isa = PBXBuildFile; fileRef = 7ADD6B92187CF07E00D4F868 /* Main_iPad.storyboard */; };
		7ADD6B97187CF07E00D4F868 /* JJViewController.m in Sources */ = {isa = PBXBuildFile; fileRef = 7ADD6B96187CF07E00D4F868 /* JJViewController.m */; };
		7ADD6B99187CF07E00D4F868 /* Images.xcassets in Resources */ = {isa = PBXBuildFile; fileRef = 7ADD6B98187CF07E00D4F868 /* Images.xcassets */; };
		7ADD6BA0187CF07F00D4F868 /* XCTest.framework in Frameworks */ = {isa = PBXBuildFile; fileRef = 7ADD6B9F187CF07F00D4F868 /* XCTest.framework */; };
		7ADD6BA1187CF07F00D4F868 /* Foundation.framework in Frameworks */ = {isa = PBXBuildFile; fileRef = 7ADD6B7D187CF07E00D4F868 /* Foundation.framework */; };
		7ADD6BA2187CF07F00D4F868 /* UIKit.framework in Frameworks */ = {isa = PBXBuildFile; fileRef = 7ADD6B81187CF07E00D4F868 /* UIKit.framework */; };
		7ADD6BAA187CF07F00D4F868 /* InfoPlist.strings in Resources */ = {isa = PBXBuildFile; fileRef = 7ADD6BA8187CF07F00D4F868 /* InfoPlist.strings */; };
		7ADD6BAC187CF07F00D4F868 /* PVZTests.m in Sources */ = {isa = PBXBuildFile; fileRef = 7ADD6BAB187CF07F00D4F868 /* PVZTests.m */; };
		7ADD6BB6187CF09400D4F868 /* SpriteKit.framework in Frameworks */ = {isa = PBXBuildFile; fileRef = 7ADD6BB5187CF09400D4F868 /* SpriteKit.framework */; };
		7ADD6BB9187CF34F00D4F868 /* TitleScene.m in Sources */ = {isa = PBXBuildFile; fileRef = 7ADD6BB8187CF34F00D4F868 /* TitleScene.m */; };
		7AF02396187FA32200362225 /* GameScene.m in Sources */ = {isa = PBXBuildFile; fileRef = 7AF02395187FA32200362225 /* GameScene.m */; };
		7AF0239B187FA70500362225 /* JCButton.m in Sources */ = {isa = PBXBuildFile; fileRef = 7AF02398187FA70500362225 /* JCButton.m */; };
		7AF0239C187FA70500362225 /* JCJoystick.m in Sources */ = {isa = PBXBuildFile; fileRef = 7AF0239A187FA70500362225 /* JCJoystick.m */; };
/* End PBXBuildFile section */

/* Begin PBXContainerItemProxy section */
		7ADD6BA3187CF07F00D4F868 /* PBXContainerItemProxy */ = {
			isa = PBXContainerItemProxy;
			containerPortal = 7ADD6B72187CF07E00D4F868 /* Project object */;
			proxyType = 1;
			remoteGlobalIDString = 7ADD6B79187CF07E00D4F868;
			remoteInfo = PVZ;
		};
/* End PBXContainerItemProxy section */

/* Begin PBXFileReference section */
		7A16436918938872006FEE95 /* background.png */ = {isa = PBXFileReference; lastKnownFileType = image.png; name = background.png; path = ../../../Desktop/background.png; sourceTree = "<group>"; };
		7A7DB93E1890CDC900EBB851 /* princess.png */ = {isa = PBXFileReference; lastKnownFileType = image.png; name = princess.png; path = ../../../Desktop/princess.png; sourceTree = "<group>"; };
		7A7DB940189222E800EBB851 /* brush.png */ = {isa = PBXFileReference; lastKnownFileType = image.png; name = brush.png; path = ../../../Desktop/brush.png; sourceTree = "<group>"; };
		7ACD825D1894A86E00F972F9 /* zombie.png */ = {isa = PBXFileReference; lastKnownFileType = image.png; name = zombie.png; path = ../../../Desktop/zombie.png; sourceTree = "<group>"; };
		7ACD825F1894D10800F972F9 /* ash.png */ = {isa = PBXFileReference; lastKnownFileType = image.png; name = ash.png; path = ../../../Desktop/ash.png; sourceTree = "<group>"; };
		7ADD6B7A187CF07E00D4F868 /* PVZ.app */ = {isa = PBXFileReference; explicitFileType = wrapper.application; includeInIndex = 0; path = PVZ.app; sourceTree = BUILT_PRODUCTS_DIR; };
		7ADD6B7D187CF07E00D4F868 /* Foundation.framework */ = {isa = PBXFileReference; lastKnownFileType = wrapper.framework; name = Foundation.framework; path = System/Library/Frameworks/Foundation.framework; sourceTree = SDKROOT; };
		7ADD6B7F187CF07E00D4F868 /* CoreGraphics.framework */ = {isa = PBXFileReference; lastKnownFileType = wrapper.framework; name = CoreGraphics.framework; path = System/Library/Frameworks/CoreGraphics.framework; sourceTree = SDKROOT; };
		7ADD6B81187CF07E00D4F868 /* UIKit.framework */ = {isa = PBXFileReference; lastKnownFileType = wrapper.framework; name = UIKit.framework; path = System/Library/Frameworks/UIKit.framework; sourceTree = SDKROOT; };
		7ADD6B85187CF07E00D4F868 /* PVZ-Info.plist */ = {isa = PBXFileReference; lastKnownFileType = text.plist.xml; path = "PVZ-Info.plist"; sourceTree = "<group>"; };
		7ADD6B87187CF07E00D4F868 /* en */ = {isa = PBXFileReference; lastKnownFileType = text.plist.strings; name = en; path = en.lproj/InfoPlist.strings; sourceTree = "<group>"; };
		7ADD6B89187CF07E00D4F868 /* main.m */ = {isa = PBXFileReference; lastKnownFileType = sourcecode.c.objc; path = main.m; sourceTree = "<group>"; };
		7ADD6B8B187CF07E00D4F868 /* PVZ-Prefix.pch */ = {isa = PBXFileReference; lastKnownFileType = sourcecode.c.h; path = "PVZ-Prefix.pch"; sourceTree = "<group>"; };
		7ADD6B8C187CF07E00D4F868 /* JJAppDelegate.h */ = {isa = PBXFileReference; lastKnownFileType = sourcecode.c.h; path = JJAppDelegate.h; sourceTree = "<group>"; };
		7ADD6B8D187CF07E00D4F868 /* JJAppDelegate.m */ = {isa = PBXFileReference; lastKnownFileType = sourcecode.c.objc; path = JJAppDelegate.m; sourceTree = "<group>"; };
		7ADD6B90187CF07E00D4F868 /* Base */ = {isa = PBXFileReference; lastKnownFileType = file.storyboard; name = Base; path = Base.lproj/Main_iPhone.storyboard; sourceTree = "<group>"; };
		7ADD6B93187CF07E00D4F868 /* Base */ = {isa = PBXFileReference; lastKnownFileType = file.storyboard; name = Base; path = Base.lproj/Main_iPad.storyboard; sourceTree = "<group>"; };
		7ADD6B95187CF07E00D4F868 /* JJViewController.h */ = {isa = PBXFileReference; lastKnownFileType = sourcecode.c.h; path = JJViewController.h; sourceTree = "<group>"; };
		7ADD6B96187CF07E00D4F868 /* JJViewController.m */ = {isa = PBXFileReference; lastKnownFileType = sourcecode.c.objc; path = JJViewController.m; sourceTree = "<group>"; };
		7ADD6B98187CF07E00D4F868 /* Images.xcassets */ = {isa = PBXFileReference; lastKnownFileType = folder.assetcatalog; path = Images.xcassets; sourceTree = "<group>"; };
		7ADD6B9E187CF07F00D4F868 /* PVZTests.xctest */ = {isa = PBXFileReference; explicitFileType = wrapper.cfbundle; includeInIndex = 0; path = PVZTests.xctest; sourceTree = BUILT_PRODUCTS_DIR; };
		7ADD6B9F187CF07F00D4F868 /* XCTest.framework */ = {isa = PBXFileReference; lastKnownFileType = wrapper.framework; name = XCTest.framework; path = Library/Frameworks/XCTest.framework; sourceTree = DEVELOPER_DIR; };
		7ADD6BA7187CF07F00D4F868 /* PVZTests-Info.plist */ = {isa = PBXFileReference; lastKnownFileType = text.plist.xml; path = "PVZTests-Info.plist"; sourceTree = "<group>"; };
		7ADD6BA9187CF07F00D4F868 /* en */ = {isa = PBXFileReference; lastKnownFileType = text.plist.strings; name = en; path = en.lproj/InfoPlist.strings; sourceTree = "<group>"; };
		7ADD6BAB187CF07F00D4F868 /* PVZTests.m */ = {isa = PBXFileReference; lastKnownFileType = sourcecode.c.objc; path = PVZTests.m; sourceTree = "<group>"; };
		7ADD6BB5187CF09400D4F868 /* SpriteKit.framework */ = {isa = PBXFileReference; lastKnownFileType = wrapper.framework; name = SpriteKit.framework; path = System/Library/Frameworks/SpriteKit.framework; sourceTree = SDKROOT; };
		7ADD6BB7187CF34F00D4F868 /* TitleScene.h */ = {isa = PBXFileReference; fileEncoding = 4; lastKnownFileType = sourcecode.c.h; path = TitleScene.h; sourceTree = "<group>"; };
		7ADD6BB8187CF34F00D4F868 /* TitleScene.m */ = {isa = PBXFileReference; fileEncoding = 4; lastKnownFileType = sourcecode.c.objc; path = TitleScene.m; sourceTree = "<group>"; };
		7AF02394187FA32200362225 /* GameScene.h */ = {isa = PBXFileReference; fileEncoding = 4; lastKnownFileType = sourcecode.c.h; path = GameScene.h; sourceTree = "<group>"; };
		7AF02395187FA32200362225 /* GameScene.m */ = {isa = PBXFileReference; fileEncoding = 4; lastKnownFileType = sourcecode.c.objc; path = GameScene.m; sourceTree = "<group>"; };
		7AF02397187FA70500362225 /* JCButton.h */ = {isa = PBXFileReference; fileEncoding = 4; lastKnownFileType = sourcecode.c.h; name = JCButton.h; path = "../../../Downloads/JCInput-master/JCInput/JCButton.h"; sourceTree = "<group>"; };
		7AF02398187FA70500362225 /* JCButton.m */ = {isa = PBXFileReference; fileEncoding = 4; lastKnownFileType = sourcecode.c.objc; name = JCButton.m; path = "../../../Downloads/JCInput-master/JCInput/JCButton.m"; sourceTree = "<group>"; };
		7AF02399187FA70500362225 /* JCJoystick.h */ = {isa = PBXFileReference; fileEncoding = 4; lastKnownFileType = sourcecode.c.h; name = JCJoystick.h; path = "../../../Downloads/JCInput-master/JCInput/JCJoystick.h"; sourceTree = "<group>"; };
		7AF0239A187FA70500362225 /* JCJoystick.m */ = {isa = PBXFileReference; fileEncoding = 4; lastKnownFileType = sourcecode.c.objc; name = JCJoystick.m; path = "../../../Downloads/JCInput-master/JCInput/JCJoystick.m"; sourceTree = "<group>"; };
/* End PBXFileReference section */

/* Begin PBXFrameworksBuildPhase section */
		7ADD6B77187CF07E00D4F868 /* Frameworks */ = {
			isa = PBXFrameworksBuildPhase;
			buildActionMask = 2147483647;
			files = (
				7ADD6BB6187CF09400D4F868 /* SpriteKit.framework in Frameworks */,
				7ADD6B80187CF07E00D4F868 /* CoreGraphics.framework in Frameworks */,
				7ADD6B82187CF07E00D4F868 /* UIKit.framework in Frameworks */,
				7ADD6B7E187CF07E00D4F868 /* Foundation.framework in Frameworks */,
			);
			runOnlyForDeploymentPostprocessing = 0;
		};
		7ADD6B9B187CF07F00D4F868 /* Frameworks */ = {
			isa = PBXFrameworksBuildPhase;
			buildActionMask = 2147483647;
			files = (
				7ADD6BA0187CF07F00D4F868 /* XCTest.framework in Frameworks */,
				7ADD6BA2187CF07F00D4F868 /* UIKit.framework in Frameworks */,
				7ADD6BA1187CF07F00D4F868 /* Foundation.framework in Frameworks */,
			);
			runOnlyForDeploymentPostprocessing = 0;
		};
/* End PBXFrameworksBuildPhase section */

/* Begin PBXGroup section */
		7ADD6B71187CF07E00D4F868 = {
			isa = PBXGroup;
			children = (
				7ADD6B83187CF07E00D4F868 /* PVZ */,
				7ADD6BA5187CF07F00D4F868 /* PVZTests */,
				7ADD6B7C187CF07E00D4F868 /* Frameworks */,
				7ADD6B7B187CF07E00D4F868 /* Products */,
			);
			sourceTree = "<group>";
		};
		7ADD6B7B187CF07E00D4F868 /* Products */ = {
			isa = PBXGroup;
			children = (
				7ADD6B7A187CF07E00D4F868 /* PVZ.app */,
				7ADD6B9E187CF07F00D4F868 /* PVZTests.xctest */,
			);
			name = Products;
			sourceTree = "<group>";
		};
		7ADD6B7C187CF07E00D4F868 /* Frameworks */ = {
			isa = PBXGroup;
			children = (
				7ADD6BB5187CF09400D4F868 /* SpriteKit.framework */,
				7ADD6B7D187CF07E00D4F868 /* Foundation.framework */,
				7ADD6B7F187CF07E00D4F868 /* CoreGraphics.framework */,
				7ADD6B81187CF07E00D4F868 /* UIKit.framework */,
				7ADD6B9F187CF07F00D4F868 /* XCTest.framework */,
			);
			name = Frameworks;
			sourceTree = "<group>";
		};
		7ADD6B83187CF07E00D4F868 /* PVZ */ = {
			isa = PBXGroup;
			children = (
				7ACD825F1894D10800F972F9 /* ash.png */,
				7ACD825D1894A86E00F972F9 /* zombie.png */,
				7A16436918938872006FEE95 /* background.png */,
				7A7DB940189222E800EBB851 /* brush.png */,
				7A7DB93E1890CDC900EBB851 /* princess.png */,
				7AF02397187FA70500362225 /* JCButton.h */,
				7AF02398187FA70500362225 /* JCButton.m */,
				7AF02399187FA70500362225 /* JCJoystick.h */,
				7AF0239A187FA70500362225 /* JCJoystick.m */,
				7ADD6B8C187CF07E00D4F868 /* JJAppDelegate.h */,
				7ADD6B8D187CF07E00D4F868 /* JJAppDelegate.m */,
				7ADD6B8F187CF07E00D4F868 /* Main_iPhone.storyboard */,
				7ADD6B92187CF07E00D4F868 /* Main_iPad.storyboard */,
				7ADD6B95187CF07E00D4F868 /* JJViewController.h */,
				7ADD6B96187CF07E00D4F868 /* JJViewController.m */,
				7ADD6B98187CF07E00D4F868 /* Images.xcassets */,
				7ADD6B84187CF07E00D4F868 /* Supporting Files */,
				7ADD6BB7187CF34F00D4F868 /* TitleScene.h */,
				7ADD6BB8187CF34F00D4F868 /* TitleScene.m */,
				7AF02394187FA32200362225 /* GameScene.h */,
				7AF02395187FA32200362225 /* GameScene.m */,
			);
			path = PVZ;
			sourceTree = "<group>";
		};
		7ADD6B84187CF07E00D4F868 /* Supporting Files */ = {
			isa = PBXGroup;
			children = (
				7ADD6B85187CF07E00D4F868 /* PVZ-Info.plist */,
				7ADD6B86187CF07E00D4F868 /* InfoPlist.strings */,
				7ADD6B89187CF07E00D4F868 /* main.m */,
				7ADD6B8B187CF07E00D4F868 /* PVZ-Prefix.pch */,
			);
			name = "Supporting Files";
			sourceTree = "<group>";
		};
		7ADD6BA5187CF07F00D4F868 /* PVZTests */ = {
			isa = PBXGroup;
			children = (
				7ADD6BAB187CF07F00D4F868 /* PVZTests.m */,
				7ADD6BA6187CF07F00D4F868 /* Supporting Files */,
			);
			path = PVZTests;
			sourceTree = "<group>";
		};
		7ADD6BA6187CF07F00D4F868 /* Supporting Files */ = {
			isa = PBXGroup;
			children = (
				7ADD6BA7187CF07F00D4F868 /* PVZTests-Info.plist */,
				7ADD6BA8187CF07F00D4F868 /* InfoPlist.strings */,
			);
			name = "Supporting Files";
			sourceTree = "<group>";
		};
/* End PBXGroup section */

/* Begin PBXNativeTarget section */
		7ADD6B79187CF07E00D4F868 /* PVZ */ = {
			isa = PBXNativeTarget;
			buildConfigurationList = 7ADD6BAF187CF07F00D4F868 /* Build configuration list for PBXNativeTarget "PVZ" */;
			buildPhases = (
				7ADD6B76187CF07E00D4F868 /* Sources */,
				7ADD6B77187CF07E00D4F868 /* Frameworks */,
				7ADD6B78187CF07E00D4F868 /* Resources */,
			);
			buildRules = (
			);
			dependencies = (
			);
			name = PVZ;
			productName = PVZ;
			productReference = 7ADD6B7A187CF07E00D4F868 /* PVZ.app */;
			productType = "com.apple.product-type.application";
		};
		7ADD6B9D187CF07F00D4F868 /* PVZTests */ = {
			isa = PBXNativeTarget;
			buildConfigurationList = 7ADD6BB2187CF07F00D4F868 /* Build configuration list for PBXNativeTarget "PVZTests" */;
			buildPhases = (
				7ADD6B9A187CF07F00D4F868 /* Sources */,
				7ADD6B9B187CF07F00D4F868 /* Frameworks */,
				7ADD6B9C187CF07F00D4F868 /* Resources */,
			);
			buildRules = (
			);
			dependencies = (
				7ADD6BA4187CF07F00D4F868 /* PBXTargetDependency */,
			);
			name = PVZTests;
			productName = PVZTests;
			productReference = 7ADD6B9E187CF07F00D4F868 /* PVZTests.xctest */;
			productType = "com.apple.product-type.bundle.unit-test";
		};
/* End PBXNativeTarget section */

/* Begin PBXProject section */
		7ADD6B72187CF07E00D4F868 /* Project object */ = {
			isa = PBXProject;
			attributes = {
				CLASSPREFIX = JJ;
				LastUpgradeCheck = 0500;
				ORGANIZATIONNAME = jackson;
				TargetAttributes = {
					7ADD6B9D187CF07F00D4F868 = {
						TestTargetID = 7ADD6B79187CF07E00D4F868;
					};
				};
			};
			buildConfigurationList = 7ADD6B75187CF07E00D4F868 /* Build configuration list for PBXProject "PVZ" */;
			compatibilityVersion = "Xcode 3.2";
			developmentRegion = English;
			hasScannedForEncodings = 0;
			knownRegions = (
				en,
				Base,
			);
			mainGroup = 7ADD6B71187CF07E00D4F868;
			productRefGroup = 7ADD6B7B187CF07E00D4F868 /* Products */;
			projectDirPath = "";
			projectRoot = "";
			targets = (
				7ADD6B79187CF07E00D4F868 /* PVZ */,
				7ADD6B9D187CF07F00D4F868 /* PVZTests */,
			);
		};
/* End PBXProject section */

/* Begin PBXResourcesBuildPhase section */
		7ADD6B78187CF07E00D4F868 /* Resources */ = {
			isa = PBXResourcesBuildPhase;
			buildActionMask = 2147483647;
			files = (
				7ADD6B94187CF07E00D4F868 /* Main_iPad.storyboard in Resources */,
				7ADD6B99187CF07E00D4F868 /* Images.xcassets in Resources */,
				7A16436A18938872006FEE95 /* background.png in Resources */,
				7ACD82601894D10800F972F9 /* ash.png in Resources */,
				7ACD825E1894A86E00F972F9 /* zombie.png in Resources */,
				7A7DB941189222E800EBB851 /* brush.png in Resources */,
				7A7DB93F1890CDC900EBB851 /* princess.png in Resources */,
				7ADD6B91187CF07E00D4F868 /* Main_iPhone.storyboard in Resources */,
				7ADD6B88187CF07E00D4F868 /* InfoPlist.strings in Resources */,
			);
			runOnlyForDeploymentPostprocessing = 0;
		};
		7ADD6B9C187CF07F00D4F868 /* Resources */ = {
			isa = PBXResourcesBuildPhase;
			buildActionMask = 2147483647;
			files = (
				7ADD6BAA187CF07F00D4F868 /* InfoPlist.strings in Resources */,
			);
			runOnlyForDeploymentPostprocessing = 0;
		};
/* End PBXResourcesBuildPhase section */

/* Begin PBXSourcesBuildPhase section */
		7ADD6B76187CF07E00D4F868 /* Sources */ = {
			isa = PBXSourcesBuildPhase;
			buildActionMask = 2147483647;
			files = (
				7AF0239B187FA70500362225 /* JCButton.m in Sources */,
				7ADD6B8E187CF07E00D4F868 /* JJAppDelegate.m in Sources */,
				7ADD6B97187CF07E00D4F868 /* JJViewController.m in Sources */,
				7AF02396187FA32200362225 /* GameScene.m in Sources */,
				7ADD6B8A187CF07E00D4F868 /* main.m in Sources */,
				7ADD6BB9187CF34F00D4F868 /* TitleScene.m in Sources */,
				7AF0239C187FA70500362225 /* JCJoystick.m in Sources */,
			);
			runOnlyForDeploymentPostprocessing = 0;
		};
		7ADD6B9A187CF07F00D4F868 /* Sources */ = {
			isa = PBXSourcesBuildPhase;
			buildActionMask = 2147483647;
			files = (
				7ADD6BAC187CF07F00D4F868 /* PVZTests.m in Sources */,
			);
			runOnlyForDeploymentPostprocessing = 0;
		};
/* End PBXSourcesBuildPhase section */

/* Begin PBXTargetDependency section */
		7ADD6BA4187CF07F00D4F868 /* PBXTargetDependency */ = {
			isa = PBXTargetDependency;
			target = 7ADD6B79187CF07E00D4F868 /* PVZ */;
			targetProxy = 7ADD6BA3187CF07F00D4F868 /* PBXContainerItemProxy */;
		};
/* End PBXTargetDependency section */

/* Begin PBXVariantGroup section */
		7ADD6B86187CF07E00D4F868 /* InfoPlist.strings */ = {
			isa = PBXVariantGroup;
			children = (
				7ADD6B87187CF07E00D4F868 /* en */,
			);
			name = InfoPlist.strings;
			sourceTree = "<group>";
		};
		7ADD6B8F187CF07E00D4F868 /* Main_iPhone.storyboard */ = {
			isa = PBXVariantGroup;
			children = (
				7ADD6B90187CF07E00D4F868 /* Base */,
			);
			name = Main_iPhone.storyboard;
			sourceTree = "<group>";
		};
		7ADD6B92187CF07E00D4F868 /* Main_iPad.storyboard */ = {
			isa = PBXVariantGroup;
			children = (
				7ADD6B93187CF07E00D4F868 /* Base */,
			);
			name = Main_iPad.storyboard;
			sourceTree = "<group>";
		};
		7ADD6BA8187CF07F00D4F868 /* InfoPlist.strings */ = {
			isa = PBXVariantGroup;
			children = (
				7ADD6BA9187CF07F00D4F868 /* en */,
			);
			name = InfoPlist.strings;
			sourceTree = "<group>";
		};
/* End PBXVariantGroup section */

/* Begin XCBuildConfiguration section */
		7ADD6BAD187CF07F00D4F868 /* Debug */ = {
			isa = XCBuildConfiguration;
			buildSettings = {
				ALWAYS_SEARCH_USER_PATHS = NO;
				ARCHS = "$(ARCHS_STANDARD_INCLUDING_64_BIT)";
				CLANG_CXX_LANGUAGE_STANDARD = "gnu++0x";
				CLANG_CXX_LIBRARY = "libc++";
				CLANG_ENABLE_MODULES = YES;
				CLANG_ENABLE_OBJC_ARC = YES;
				CLANG_WARN_BOOL_CONVERSION = YES;
				CLANG_WARN_CONSTANT_CONVERSION = YES;
				CLANG_WARN_DIRECT_OBJC_ISA_USAGE = YES_ERROR;
				CLANG_WARN_EMPTY_BODY = YES;
				CLANG_WARN_ENUM_CONVERSION = YES;
				CLANG_WARN_INT_CONVERSION = YES;
				CLANG_WARN_OBJC_ROOT_CLASS = YES_ERROR;
				CLANG_WARN__DUPLICATE_METHOD_MATCH = YES;
				"CODE_SIGN_IDENTITY[sdk=iphoneos*]" = "iPhone Developer";
				COPY_PHASE_STRIP = NO;
				GCC_C_LANGUAGE_STANDARD = gnu99;
				GCC_DYNAMIC_NO_PIC = NO;
				GCC_OPTIMIZATION_LEVEL = 0;
				GCC_PREPROCESSOR_DEFINITIONS = (
					"DEBUG=1",
					"$(inherited)",
				);
				GCC_SYMBOLS_PRIVATE_EXTERN = NO;
				GCC_WARN_64_TO_32_BIT_CONVERSION = YES;
				GCC_WARN_ABOUT_RETURN_TYPE = YES_ERROR;
				GCC_WARN_UNDECLARED_SELECTOR = YES;
				GCC_WARN_UNINITIALIZED_AUTOS = YES;
				GCC_WARN_UNUSED_FUNCTION = YES;
				GCC_WARN_UNUSED_VARIABLE = YES;
				IPHONEOS_DEPLOYMENT_TARGET = 7.0;
				ONLY_ACTIVE_ARCH = YES;
				SDKROOT = iphoneos;
				TARGETED_DEVICE_FAMILY = "1,2";
			};
			name = Debug;
		};
		7ADD6BAE187CF07F00D4F868 /* Release */ = {
			isa = XCBuildConfiguration;
			buildSettings = {
				ALWAYS_SEARCH_USER_PATHS = NO;
				ARCHS = "$(ARCHS_STANDARD_INCLUDING_64_BIT)";
				CLANG_CXX_LANGUAGE_STANDARD = "gnu++0x";
				CLANG_CXX_LIBRARY = "libc++";
				CLANG_ENABLE_MODULES = YES;
				CLANG_ENABLE_OBJC_ARC = YES;
				CLANG_WARN_BOOL_CONVERSION = YES;
				CLANG_WARN_CONSTANT_CONVERSION = YES;
				CLANG_WARN_DIRECT_OBJC_ISA_USAGE = YES_ERROR;
				CLANG_WARN_EMPTY_BODY = YES;
				CLANG_WARN_ENUM_CONVERSION = YES;
				CLANG_WARN_INT_CONVERSION = YES;
				CLANG_WARN_OBJC_ROOT_CLASS = YES_ERROR;
				CLANG_WARN__DUPLICATE_METHOD_MATCH = YES;
				"CODE_SIGN_IDENTITY[sdk=iphoneos*]" = "iPhone Developer";
				COPY_PHASE_STRIP = YES;
				ENABLE_NS_ASSERTIONS = NO;
				GCC_C_LANGUAGE_STANDARD = gnu99;
				GCC_WARN_64_TO_32_BIT_CONVERSION = YES;
				GCC_WARN_ABOUT_RETURN_TYPE = YES_ERROR;
				GCC_WARN_UNDECLARED_SELECTOR = YES;
				GCC_WARN_UNINITIALIZED_AUTOS = YES;
				GCC_WARN_UNUSED_FUNCTION = YES;
				GCC_WARN_UNUSED_VARIABLE = YES;
				IPHONEOS_DEPLOYMENT_TARGET = 7.0;
				SDKROOT = iphoneos;
				TARGETED_DEVICE_FAMILY = "1,2";
				VALIDATE_PRODUCT = YES;
			};
			name = Release;
		};
		7ADD6BB0187CF07F00D4F868 /* Debug */ = {
			isa = XCBuildConfiguration;
			buildSettings = {
				ASSETCATALOG_COMPILER_APPICON_NAME = AppIcon;
				ASSETCATALOG_COMPILER_LAUNCHIMAGE_NAME = LaunchImage;
				GCC_PRECOMPILE_PREFIX_HEADER = YES;
				GCC_PREFIX_HEADER = "PVZ/PVZ-Prefix.pch";
				INFOPLIST_FILE = "PVZ/PVZ-Info.plist";
				PRODUCT_NAME = "$(TARGET_NAME)";
				WRAPPER_EXTENSION = app;
			};
			name = Debug;
		};
		7ADD6BB1187CF07F00D4F868 /* Release */ = {
			isa = XCBuildConfiguration;
			buildSettings = {
				ASSETCATALOG_COMPILER_APPICON_NAME = AppIcon;
				ASSETCATALOG_COMPILER_LAUNCHIMAGE_NAME = LaunchImage;
				GCC_PRECOMPILE_PREFIX_HEADER = YES;
				GCC_PREFIX_HEADER = "PVZ/PVZ-Prefix.pch";
				INFOPLIST_FILE = "PVZ/PVZ-Info.plist";
				PRODUCT_NAME = "$(TARGET_NAME)";
				WRAPPER_EXTENSION = app;
			};
			name = Release;
		};
		7ADD6BB3187CF07F00D4F868 /* Debug */ = {
			isa = XCBuildConfiguration;
			buildSettings = {
				ARCHS = "$(ARCHS_STANDARD_INCLUDING_64_BIT)";
				BUNDLE_LOADER = "$(BUILT_PRODUCTS_DIR)/PVZ.app/PVZ";
				FRAMEWORK_SEARCH_PATHS = (
					"$(SDKROOT)/Developer/Library/Frameworks",
					"$(inherited)",
					"$(DEVELOPER_FRAMEWORKS_DIR)",
				);
				GCC_PRECOMPILE_PREFIX_HEADER = YES;
				GCC_PREFIX_HEADER = "PVZ/PVZ-Prefix.pch";
				GCC_PREPROCESSOR_DEFINITIONS = (
					"DEBUG=1",
					"$(inherited)",
				);
				INFOPLIST_FILE = "PVZTests/PVZTests-Info.plist";
				PRODUCT_NAME = "$(TARGET_NAME)";
				TEST_HOST = "$(BUNDLE_LOADER)";
				WRAPPER_EXTENSION = xctest;
			};
			name = Debug;
		};
		7ADD6BB4187CF07F00D4F868 /* Release */ = {
			isa = XCBuildConfiguration;
			buildSettings = {
				ARCHS = "$(ARCHS_STANDARD_INCLUDING_64_BIT)";
				BUNDLE_LOADER = "$(BUILT_PRODUCTS_DIR)/PVZ.app/PVZ";
				FRAMEWORK_SEARCH_PATHS = (
					"$(SDKROOT)/Developer/Library/Frameworks",
					"$(inherited)",
					"$(DEVELOPER_FRAMEWORKS_DIR)",
				);
				GCC_PRECOMPILE_PREFIX_HEADER = YES;
				GCC_PREFIX_HEADER = "PVZ/PVZ-Prefix.pch";
				INFOPLIST_FILE = "PVZTests/PVZTests-Info.plist";
				PRODUCT_NAME = "$(TARGET_NAME)";
				TEST_HOST = "$(BUNDLE_LOADER)";
				WRAPPER_EXTENSION = xctest;
			};
			name = Release;
		};
/* End XCBuildConfiguration section */

/* Begin XCConfigurationList section */
		7ADD6B75187CF07E00D4F868 /* Build configuration list for PBXProject "PVZ" */ = {
			isa = XCConfigurationList;
			buildConfigurations = (
				7ADD6BAD187CF07F00D4F868 /* Debug */,
				7ADD6BAE187CF07F00D4F868 /* Release */,
			);
			defaultConfigurationIsVisible = 0;
			defaultConfigurationName = Release;
		};
		7ADD6BAF187CF07F00D4F868 /* Build configuration list for PBXNativeTarget "PVZ" */ = {
			isa = XCConfigurationList;
			buildConfigurations = (
				7ADD6BB0187CF07F00D4F868 /* Debug */,
				7ADD6BB1187CF07F00D4F868 /* Release */,
			);
			defaultConfigurationIsVisible = 0;
			defaultConfigurationName = Release;
		};
		7ADD6BB2187CF07F00D4F868 /* Build configuration list for PBXNativeTarget "PVZTests" */ = {
			isa = XCConfigurationList;
			buildConfigurations = (
				7ADD6BB3187CF07F00D4F868 /* Debug */,
				7ADD6BB4187CF07F00D4F868 /* Release */,
			);
			defaultConfigurationIsVisible = 0;
			defaultConfigurationName = Release;
		};
/* End XCConfigurationList section */
	};
	rootObject = 7ADD6B72187CF07E00D4F868 /* Project object */;
}
